// !$*UTF8*$!
{
	archiveVersion = 1;
	classes = {
	};
	objectVersion = 46;
	objects = {

/* Begin PBXBuildFile section */
		6FEDE8851BB8E5B3008F7705 /* AppDelegate.swift in Sources */ = {isa = PBXBuildFile; fileRef = 6FEDE8841BB8E5B3008F7705 /* AppDelegate.swift */; };
		6FEDE8871BB8E5B3008F7705 /* ViewController.swift in Sources */ = {isa = PBXBuildFile; fileRef = 6FEDE8861BB8E5B3008F7705 /* ViewController.swift */; };
		6FEDE88A1BB8E5B3008F7705 /* Main.storyboard in Resources */ = {isa = PBXBuildFile; fileRef = 6FEDE8881BB8E5B3008F7705 /* Main.storyboard */; };
		6FEDE88C1BB8E5B3008F7705 /* Assets.xcassets in Resources */ = {isa = PBXBuildFile; fileRef = 6FEDE88B1BB8E5B3008F7705 /* Assets.xcassets */; };
		6FEDE88F1BB8E5B3008F7705 /* LaunchScreen.storyboard in Resources */ = {isa = PBXBuildFile; fileRef = 6FEDE88D1BB8E5B3008F7705 /* LaunchScreen.storyboard */; };
/* End PBXBuildFile section */

/* Begin PBXFileReference section */
		6FEDE8811BB8E5B3008F7705 /* MemeMe.app */ = {isa = PBXFileReference; explicitFileType = wrapper.application; includeInIndex = 0; path = MemeMe.app; sourceTree = BUILT_PRODUCTS_DIR; };
		6FEDE8841BB8E5B3008F7705 /* AppDelegate.swift */ = {isa = PBXFileReference; lastKnownFileType = sourcecode.swift; path = AppDelegate.swift; sourceTree = "<group>"; };
		6FEDE8861BB8E5B3008F7705 /* ViewController.swift */ = {isa = PBXFileReference; lastKnownFileType = sourcecode.swift; path = ViewController.swift; sourceTree = "<group>"; };
		6FEDE8891BB8E5B3008F7705 /* Base */ = {isa = PBXFileReference; lastKnownFileType = file.storyboard; name = Base; path = Base.lproj/Main.storyboard; sourceTree = "<group>"; };
		6FEDE88B1BB8E5B3008F7705 /* Assets.xcassets */ = {isa = PBXFileReference; lastKnownFileType = folder.assetcatalog; path = Assets.xcassets; sourceTree = "<group>"; };
		6FEDE88E1BB8E5B3008F7705 /* Base */ = {isa = PBXFileReference; lastKnownFileType = file.storyboard; name = Base; path = Base.lproj/LaunchScreen.storyboard; sourceTree = "<group>"; };
		6FEDE8901BB8E5B3008F7705 /* Info.plist */ = {isa = PBXFileReference; lastKnownFileType = text.plist.xml; path = Info.plist; sourceTree = "<group>"; };
/* End PBXFileReference section */

/* Begin PBXFrameworksBuildPhase section */
		6FEDE87E1BB8E5B3008F7705 /* Frameworks */ = {
			isa = PBXFrameworksBuildPhase;
			buildActionMask = 2147483647;
			files = (
			);
			runOnlyForDeploymentPostprocessing = 0;
		};
/* End PBXFrameworksBuildPhase section */

/* Begin PBXGroup section */
		6FEDE8781BB8E5B3008F7705 = {
			isa = PBXGroup;
			children = (
				6FEDE8831BB8E5B3008F7705 /* MemeMe */,
				6FEDE8821BB8E5B3008F7705 /* Products */,
			);
			sourceTree = "<group>";
		};
		6FEDE8821BB8E5B3008F7705 /* Products */ = {
			isa = PBXGroup;
			children = (
				6FEDE8811BB8E5B3008F7705 /* MemeMe.app */,
			);
			name = Products;
			sourceTree = "<group>";
		};
		6FEDE8831BB8E5B3008F7705 /* MemeMe */ = {
			isa = PBXGroup;
			children = (
				6FEDE8841BB8E5B3008F7705 /* AppDelegate.swift */,
				6FEDE8861BB8E5B3008F7705 /* ViewController.swift */,
				6FEDE8881BB8E5B3008F7705 /* Main.storyboard */,
				6FEDE88B1BB8E5B3008F7705 /* Assets.xcassets */,
				6FEDE88D1BB8E5B3008F7705 /* LaunchScreen.storyboard */,
				6FEDE8901BB8E5B3008F7705 /* Info.plist */,
			);
			path = MemeMe;
			sourceTree = "<group>";
		};
/* End PBXGroup section */

/* Begin PBXNativeTarget section */
		6FEDE8801BB8E5B3008F7705 /* MemeMe */ = {
			isa = PBXNativeTarget;
			buildConfigurationList = 6FEDE8931BB8E5B3008F7705 /* Build configuration list for PBXNativeTarget "MemeMe" */;
			buildPhases = (
				6FEDE87D1BB8E5B3008F7705 /* Sources */,
				6FEDE87E1BB8E5B3008F7705 /* Frameworks */,
				6FEDE87F1BB8E5B3008F7705 /* Resources */,
			);
			buildRules = (
			);
			dependencies = (
			);
			name = MemeMe;
			productName = MemeMe;
			productReference = 6FEDE8811BB8E5B3008F7705 /* MemeMe.app */;
			productType = "com.apple.product-type.application";
		};
/* End PBXNativeTarget section */

/* Begin PBXProject section */
		6FEDE8791BB8E5B3008F7705 /* Project object */ = {
			isa = PBXProject;
			attributes = {
				LastUpgradeCheck = 0700;
				ORGANIZATIONNAME = "Harris Tang";
				TargetAttributes = {
					6FEDE8801BB8E5B3008F7705 = {
						CreatedOnToolsVersion = 7.0;
					};
				};
			};
			buildConfigurationList = 6FEDE87C1BB8E5B3008F7705 /* Build configuration list for PBXProject "MemeMe" */;
			compatibilityVersion = "Xcode 3.2";
			developmentRegion = English;
			hasScannedForEncodings = 0;
			knownRegions = (
				en,
				Base,
			);
			mainGroup = 6FEDE8781BB8E5B3008F7705;
			productRefGroup = 6FEDE8821BB8E5B3008F7705 /* Products */;
			projectDirPath = "";
			projectRoot = "";
			targets = (
				6FEDE8801BB8E5B3008F7705 /* MemeMe */,
			);
		};
/* End PBXProject section */

/* Begin PBXResourcesBuildPhase section */
		6FEDE87F1BB8E5B3008F7705 /* Resources */ = {
			isa = PBXResourcesBuildPhase;
			buildActionMask = 2147483647;
			files = (
				6FEDE88F1BB8E5B3008F7705 /* LaunchScreen.storyboard in Resources */,
				6FEDE88C1BB8E5B3008F7705 /* Assets.xcassets in Resources */,
				6FEDE88A1BB8E5B3008F7705 /* Main.storyboard in Resources */,
			);
			runOnlyForDeploymentPostprocessing = 0;
		};
/* End PBXResourcesBuildPhase section */

/* Begin PBXSourcesBuildPhase section */
		6FEDE87D1BB8E5B3008F7705 /* Sources */ = {
			isa = PBXSourcesBuildPhase;
			buildActionMask = 2147483647;
			files = (
				6FEDE8871BB8E5B3008F7705 /* ViewController.swift in Sources */,
				6FEDE8851BB8E5B3008F7705 /* AppDelegate.swift in Sources */,
			);
			runOnlyForDeploymentPostprocessing = 0;
		};
/* End PBXSourcesBuildPhase section */

/* Begin PBXVariantGroup section */
		6FEDE8881BB8E5B3008F7705 /* Main.storyboard */ = {
			isa = PBXVariantGroup;
			children = (
				6FEDE8891BB8E5B3008F7705 /* Base */,
			);
			name = Main.storyboard;
			sourceTree = "<group>";
		};
		6FEDE88D1BB8E5B3008F7705 /* LaunchScreen.storyboard */ = {
			isa = PBXVariantGroup;
			children = (
				6FEDE88E1BB8E5B3008F7705 /* Base */,
			);
			name = LaunchScreen.storyboard;
			sourceTree = "<group>";
		};
/* End PBXVariantGroup section */

/* Begin XCBuildConfiguration section */
		6FEDE8911BB8E5B3008F7705 /* Debug */ = {
			isa = XCBuildConfiguration;
			buildSettings = {
				ALWAYS_SEARCH_USER_PATHS = NO;
				CLANG_CXX_LANGUAGE_STANDARD = "gnu++0x";
				CLANG_CXX_LIBRARY = "libc++";
				CLANG_ENABLE_MODULES = YES;
				CLANG_ENABLE_OBJC_ARC = YES;
				CLANG_WARN_BOOL_CONVERSION = YES;
				CLANG_WARN_CONSTANT_CONVERSION = YES;
				CLANG_WARN_DIRECT_OBJC_ISA_USAGE = YES_ERROR;
				CLANG_WARN_EMPTY_BODY = YES;
				CLANG_WARN_ENUM_CONVERSION = YES;
				CLANG_WARN_INT_CONVERSION = YES;
				CLANG_WARN_OBJC_ROOT_CLASS = YES_ERROR;
				CLANG_WARN_UNREACHABLE_CODE = YES;
				CLANG_WARN__DUPLICATE_METHOD_MATCH = YES;
				"CODE_SIGN_IDENTITY[sdk=iphoneos*]" = "iPhone Developer";
				COPY_PHASE_STRIP = NO;
				DEBUG_INFORMATION_FORMAT = dwarf;
				ENABLE_STRICT_OBJC_MSGSEND = YES;
				ENABLE_TESTABILITY = YES;
				GCC_C_LANGUAGE_STANDARD = gnu99;
				GCC_DYNAMIC_NO_PIC = NO;
				GCC_NO_COMMON_BLOCKS = YES;
				GCC_OPTIMIZATION_LEVEL = 0;
				GCC_PREPROCESSOR_DEFINITIONS = (
					"DEBUG=1",
					"$(inherited)",
				);
				GCC_WARN_64_TO_32_BIT_CONVERSION = YES;
				GCC_WARN_ABOUT_RETURN_TYPE = YES_ERROR;
				GCC_WARN_UNDECLARED_SELECTOR = YES;
				GCC_WARN_UNINITIALIZED_AUTOS = YES_AGGRESSIVE;
				GCC_WARN_UNUSED_FUNCTION = YES;
				GCC_WARN_UNUSED_VARIABLE = YES;
				IPHONEOS_DEPLOYMENT_TARGET = 9.0;
				MTL_ENABLE_DEBUG_INFO = YES;
				ONLY_ACTIVE_ARCH = YES;
				SDKROOT = iphoneos;
				SWIFT_OPTIMIZATION_LEVEL = "-Onone";
			};
			name = Debug;
		};
		6FEDE8921BB8E5B3008F7705 /* Release */ = {
			isa = XCBuildConfiguration;
			buildSettings = {
				ALWAYS_SEARCH_USER_PATHS = NO;
				CLANG_CXX_LANGUAGE_STANDARD = "gnu++0x";
				CLANG_CXX_LIBRARY = "libc++";
				CLANG_ENABLE_MODULES = YES;
				CLANG_ENABLE_OBJC_ARC = YES;
				CLANG_WARN_BOOL_CONVERSION = YES;
				CLANG_WARN_CONSTANT_CONVERSION = YES;
				CLANG_WARN_DIRECT_OBJC_ISA_USAGE = YES_ERROR;
				CLANG_WARN_EMPTY_BODY = YES;
				CLANG_WARN_ENUM_CONVERSION = YES;
				CLANG_WARN_INT_CONVERSION = YES;
				CLANG_WARN_OBJC_ROOT_CLASS = YES_ERROR;
				CLANG_WARN_UNREACHABLE_CODE = YES;
				CLANG_WARN__DUPLICATE_METHOD_MATCH = YES;
				"CODE_SIGN_IDENTITY[sdk=iphoneos*]" = "iPhone Developer";
				COPY_PHASE_STRIP = NO;
				DEBUG_INFORMATION_FORMAT = "dwarf-with-dsym";
				ENABLE_NS_ASSERTIONS = NO;
				ENABLE_STRICT_OBJC_MSGSEND = YES;
				GCC_C_LANGUAGE_STANDARD = gnu99;
				GCC_NO_COMMON_BLOCKS = YES;
				GCC_WARN_64_TO_32_BIT_CONVERSION = YES;
				GCC_WARN_ABOUT_RETURN_TYPE = YES_ERROR;
				GCC_WARN_UNDECLARED_SELECTOR = YES;
				GCC_WARN_UNINITIALIZED_AUTOS = YES_AGGRESSIVE;
				GCC_WARN_UNUSED_FUNCTION = YES;
				GCC_WARN_UNUSED_VARIABLE = YES;
				IPHONEOS_DEPLOYMENT_TARGET = 9.0;
				MTL_ENABLE_DEBUG_INFO = NO;
				SDKROOT = iphoneos;
				VALIDATE_PRODUCT = YES;
			};
			name = Release;
		};
		6FEDE8941BB8E5B3008F7705 /* Debug */ = {
			isa = XCBuildConfiguration;
			buildSettings = {
				ASSETCATALOG_COMPILER_APPICON_NAME = AppIcon;
				INFOPLIST_FILE = MemeMe/Info.plist;
				LD_RUNPATH_SEARCH_PATHS = "$(inherited) @executable_path/Frameworks";
				PRODUCT_BUNDLE_IDENTIFIER = com.udacity.MemeMe;
				PRODUCT_NAME = "$(TARGET_NAME)";
			};
			name = Debug;
		};
		6FEDE8951BB8E5B3008F7705 /* Release */ = {
			isa = XCBuildConfiguration;
			buildSettings = {
				ASSETCATALOG_COMPILER_APPICON_NAME = AppIcon;
				INFOPLIST_FILE = MemeMe/Info.plist;
				LD_RUNPATH_SEARCH_PATHS = "$(inherited) @executable_path/Frameworks";
				PRODUCT_BUNDLE_IDENTIFIER = com.udacity.MemeMe;
				PRODUCT_NAME = "$(TARGET_NAME)";
			};
			name = Release;
		};
/* End XCBuildConfiguration section */

/* Begin XCConfigurationList section */
		6FEDE87C1BB8E5B3008F7705 /* Build configuration list for PBXProject "MemeMe" */ = {
			isa = XCConfigurationList;
			buildConfigurations = (
				6FEDE8911BB8E5B3008F7705 /* Debug */,
				6FEDE8921BB8E5B3008F7705 /* Release */,
			);
			defaultConfigurationIsVisible = 0;
			defaultConfigurationName = Release;
		};
		6FEDE8931BB8E5B3008F7705 /* Build configuration list for PBXNativeTarget "MemeMe" */ = {
			isa = XCConfigurationList;
			buildConfigurations = (
				6FEDE8941BB8E5B3008F7705 /* Debug */,
				6FEDE8951BB8E5B3008F7705 /* Release */,
			);
			defaultConfigurationIsVisible = 0;
		};
/* End XCConfigurationList section */
	};
	rootObject = 6FEDE8791BB8E5B3008F7705 /* Project object */;
}
